// !$*UTF8*$!
{
	archiveVersion = 1;
	classes = {
	};
	objectVersion = 56;
	objects = {

/* Begin PBXBuildFile section */
		84092AC02A1D318700DD18E9 /* FirebaseAuth in Frameworks */ = {isa = PBXBuildFile; productRef = 84092ABF2A1D318700DD18E9 /* FirebaseAuth */; };
		84092AC22A1D318700DD18E9 /* FirebaseDatabase in Frameworks */ = {isa = PBXBuildFile; productRef = 84092AC12A1D318700DD18E9 /* FirebaseDatabase */; };
		84092AC42A1D318700DD18E9 /* FirebaseDatabaseSwift in Frameworks */ = {isa = PBXBuildFile; productRef = 84092AC32A1D318700DD18E9 /* FirebaseDatabaseSwift */; };
		84092AC62A1D325700DD18E9 /* GoogleService-Info.plist in Resources */ = {isa = PBXBuildFile; fileRef = 84092AC52A1D325600DD18E9 /* GoogleService-Info.plist */; };
		84092AC92A1D338F00DD18E9 /* FirebaseManager.swift in Sources */ = {isa = PBXBuildFile; fileRef = 84092AC82A1D338F00DD18E9 /* FirebaseManager.swift */; };
		84092ACB2A1E4C7900DD18E9 /* Message.swift in Sources */ = {isa = PBXBuildFile; fileRef = 84092ACA2A1E4C7900DD18E9 /* Message.swift */; };
		84092ACD2A1E577F00DD18E9 /* MessageCell.swift in Sources */ = {isa = PBXBuildFile; fileRef = 84092ACC2A1E577F00DD18E9 /* MessageCell.swift */; };
		84092AD02A1F434A00DD18E9 /* FirebaseFirestore in Frameworks */ = {isa = PBXBuildFile; productRef = 84092ACF2A1F434A00DD18E9 /* FirebaseFirestore */; };
		84092AD22A1F450000DD18E9 /* FStoreConstants.swift in Sources */ = {isa = PBXBuildFile; fileRef = 84092AD12A1F450000DD18E9 /* FStoreConstants.swift */; };
		84092AD52A1F586900DD18E9 /* IQKeyboardManagerSwift in Frameworks */ = {isa = PBXBuildFile; productRef = 84092AD42A1F586900DD18E9 /* IQKeyboardManagerSwift */; };
		846FAF9F2A1B78A300481DEB /* AppDelegate.swift in Sources */ = {isa = PBXBuildFile; fileRef = 846FAF9E2A1B78A300481DEB /* AppDelegate.swift */; };
		846FAFA12A1B78A300481DEB /* SceneDelegate.swift in Sources */ = {isa = PBXBuildFile; fileRef = 846FAFA02A1B78A300481DEB /* SceneDelegate.swift */; };
		846FAFA82A1B78A500481DEB /* Assets.xcassets in Resources */ = {isa = PBXBuildFile; fileRef = 846FAFA72A1B78A500481DEB /* Assets.xcassets */; };
		846FAFAB2A1B78A500481DEB /* LaunchScreen.storyboard in Resources */ = {isa = PBXBuildFile; fileRef = 846FAFA92A1B78A500481DEB /* LaunchScreen.storyboard */; };
		846FAFB72A1B7A9800481DEB /* CustomView.swift in Sources */ = {isa = PBXBuildFile; fileRef = 846FAFB62A1B7A9800481DEB /* CustomView.swift */; };
		846FAFB92A1B7AA700481DEB /* CustomViewController.swift in Sources */ = {isa = PBXBuildFile; fileRef = 846FAFB82A1B7AA700481DEB /* CustomViewController.swift */; };
		846FAFBB2A1B7AD300481DEB /* ChatView.swift in Sources */ = {isa = PBXBuildFile; fileRef = 846FAFBA2A1B7AD300481DEB /* ChatView.swift */; };
		846FAFBD2A1B7ADE00481DEB /* ChatViewController.swift in Sources */ = {isa = PBXBuildFile; fileRef = 846FAFBC2A1B7ADE00481DEB /* ChatViewController.swift */; };
		846FAFBF2A1BAAD700481DEB /* StartViewController.swift in Sources */ = {isa = PBXBuildFile; fileRef = 846FAFBE2A1BAAD600481DEB /* StartViewController.swift */; };
		846FAFC12A1BAAE200481DEB /* StartView.swift in Sources */ = {isa = PBXBuildFile; fileRef = 846FAFC02A1BAAE200481DEB /* StartView.swift */; };
		846FAFC52A1BADCD00481DEB /* Resources.swift in Sources */ = {isa = PBXBuildFile; fileRef = 846FAFC42A1BADCD00481DEB /* Resources.swift */; };
		846FAFC72A1BB67600481DEB /* AuthView.swift in Sources */ = {isa = PBXBuildFile; fileRef = 846FAFC62A1BB67600481DEB /* AuthView.swift */; };
		846FAFC92A1BB68200481DEB /* AuthViewController.swift in Sources */ = {isa = PBXBuildFile; fileRef = 846FAFC82A1BB68200481DEB /* AuthViewController.swift */; };
/* End PBXBuildFile section */

/* Begin PBXFileReference section */
		84092AC52A1D325600DD18E9 /* GoogleService-Info.plist */ = {isa = PBXFileReference; fileEncoding = 4; lastKnownFileType = text.plist.xml; path = "GoogleService-Info.plist"; sourceTree = "<group>"; };
		84092AC82A1D338F00DD18E9 /* FirebaseManager.swift */ = {isa = PBXFileReference; lastKnownFileType = sourcecode.swift; path = FirebaseManager.swift; sourceTree = "<group>"; };
		84092ACA2A1E4C7900DD18E9 /* Message.swift */ = {isa = PBXFileReference; lastKnownFileType = sourcecode.swift; path = Message.swift; sourceTree = "<group>"; };
		84092ACC2A1E577F00DD18E9 /* MessageCell.swift */ = {isa = PBXFileReference; lastKnownFileType = sourcecode.swift; path = MessageCell.swift; sourceTree = "<group>"; };
		84092AD12A1F450000DD18E9 /* FStoreConstants.swift */ = {isa = PBXFileReference; lastKnownFileType = sourcecode.swift; path = FStoreConstants.swift; sourceTree = "<group>"; };
		846FAF9B2A1B78A300481DEB /* FlashChat.app */ = {isa = PBXFileReference; explicitFileType = wrapper.application; includeInIndex = 0; path = FlashChat.app; sourceTree = BUILT_PRODUCTS_DIR; };
		846FAF9E2A1B78A300481DEB /* AppDelegate.swift */ = {isa = PBXFileReference; lastKnownFileType = sourcecode.swift; path = AppDelegate.swift; sourceTree = "<group>"; };
		846FAFA02A1B78A300481DEB /* SceneDelegate.swift */ = {isa = PBXFileReference; lastKnownFileType = sourcecode.swift; path = SceneDelegate.swift; sourceTree = "<group>"; };
		846FAFA72A1B78A500481DEB /* Assets.xcassets */ = {isa = PBXFileReference; lastKnownFileType = folder.assetcatalog; path = Assets.xcassets; sourceTree = "<group>"; };
		846FAFAA2A1B78A500481DEB /* Base */ = {isa = PBXFileReference; lastKnownFileType = file.storyboard; name = Base; path = Base.lproj/LaunchScreen.storyboard; sourceTree = "<group>"; };
		846FAFAC2A1B78A500481DEB /* Info.plist */ = {isa = PBXFileReference; lastKnownFileType = text.plist.xml; path = Info.plist; sourceTree = "<group>"; };
		846FAFB62A1B7A9800481DEB /* CustomView.swift */ = {isa = PBXFileReference; lastKnownFileType = sourcecode.swift; path = CustomView.swift; sourceTree = "<group>"; };
		846FAFB82A1B7AA700481DEB /* CustomViewController.swift */ = {isa = PBXFileReference; lastKnownFileType = sourcecode.swift; path = CustomViewController.swift; sourceTree = "<group>"; };
		846FAFBA2A1B7AD300481DEB /* ChatView.swift */ = {isa = PBXFileReference; lastKnownFileType = sourcecode.swift; path = ChatView.swift; sourceTree = "<group>"; };
		846FAFBC2A1B7ADE00481DEB /* ChatViewController.swift */ = {isa = PBXFileReference; lastKnownFileType = sourcecode.swift; path = ChatViewController.swift; sourceTree = "<group>"; };
		846FAFBE2A1BAAD600481DEB /* StartViewController.swift */ = {isa = PBXFileReference; lastKnownFileType = sourcecode.swift; path = StartViewController.swift; sourceTree = "<group>"; };
		846FAFC02A1BAAE200481DEB /* StartView.swift */ = {isa = PBXFileReference; lastKnownFileType = sourcecode.swift; path = StartView.swift; sourceTree = "<group>"; };
		846FAFC42A1BADCD00481DEB /* Resources.swift */ = {isa = PBXFileReference; lastKnownFileType = sourcecode.swift; path = Resources.swift; sourceTree = "<group>"; };
		846FAFC62A1BB67600481DEB /* AuthView.swift */ = {isa = PBXFileReference; lastKnownFileType = sourcecode.swift; path = AuthView.swift; sourceTree = "<group>"; };
		846FAFC82A1BB68200481DEB /* AuthViewController.swift */ = {isa = PBXFileReference; lastKnownFileType = sourcecode.swift; path = AuthViewController.swift; sourceTree = "<group>"; };
/* End PBXFileReference section */

/* Begin PBXFrameworksBuildPhase section */
		846FAF982A1B78A300481DEB /* Frameworks */ = {
			isa = PBXFrameworksBuildPhase;
			buildActionMask = 2147483647;
			files = (
				84092AD52A1F586900DD18E9 /* IQKeyboardManagerSwift in Frameworks */,
				84092AC42A1D318700DD18E9 /* FirebaseDatabaseSwift in Frameworks */,
				84092AD02A1F434A00DD18E9 /* FirebaseFirestore in Frameworks */,
				84092AC22A1D318700DD18E9 /* FirebaseDatabase in Frameworks */,
				84092AC02A1D318700DD18E9 /* FirebaseAuth in Frameworks */,
			);
			runOnlyForDeploymentPostprocessing = 0;
		};
/* End PBXFrameworksBuildPhase section */

/* Begin PBXGroup section */
		84092AC72A1D337D00DD18E9 /* Firebase */ = {
			isa = PBXGroup;
			children = (
				84092AC52A1D325600DD18E9 /* GoogleService-Info.plist */,
				84092AC82A1D338F00DD18E9 /* FirebaseManager.swift */,
				84092AD12A1F450000DD18E9 /* FStoreConstants.swift */,
			);
			path = Firebase;
			sourceTree = "<group>";
		};
		84092ACE2A1F434A00DD18E9 /* Frameworks */ = {
			isa = PBXGroup;
			children = (
			);
			name = Frameworks;
			sourceTree = "<group>";
		};
		846FAF922A1B78A300481DEB = {
			isa = PBXGroup;
			children = (
				846FAF9D2A1B78A300481DEB /* FlashChat */,
				846FAF9C2A1B78A300481DEB /* Products */,
				84092ACE2A1F434A00DD18E9 /* Frameworks */,
			);
			sourceTree = "<group>";
		};
		846FAF9C2A1B78A300481DEB /* Products */ = {
			isa = PBXGroup;
			children = (
				846FAF9B2A1B78A300481DEB /* FlashChat.app */,
			);
			name = Products;
			sourceTree = "<group>";
		};
		846FAF9D2A1B78A300481DEB /* FlashChat */ = {
			isa = PBXGroup;
			children = (
				846FAFB52A1B7A6200481DEB /* Model */,
				846FAFB22A1B7A4300481DEB /* View */,
				846FAFB42A1B7A5500481DEB /* Controller */,
				846FAF9E2A1B78A300481DEB /* AppDelegate.swift */,
				846FAFC32A1BADB900481DEB /* Resources */,
				846FAFA02A1B78A300481DEB /* SceneDelegate.swift */,
				846FAFA92A1B78A500481DEB /* LaunchScreen.storyboard */,
				846FAFAC2A1B78A500481DEB /* Info.plist */,
			);
			path = FlashChat;
			sourceTree = "<group>";
		};
		846FAFB22A1B7A4300481DEB /* View */ = {
			isa = PBXGroup;
			children = (
				846FAFB62A1B7A9800481DEB /* CustomView.swift */,
				846FAFBA2A1B7AD300481DEB /* ChatView.swift */,
				846FAFC02A1BAAE200481DEB /* StartView.swift */,
				846FAFC62A1BB67600481DEB /* AuthView.swift */,
				84092ACC2A1E577F00DD18E9 /* MessageCell.swift */,
			);
			path = View;
			sourceTree = "<group>";
		};
		846FAFB42A1B7A5500481DEB /* Controller */ = {
			isa = PBXGroup;
			children = (
				846FAFB82A1B7AA700481DEB /* CustomViewController.swift */,
				846FAFBC2A1B7ADE00481DEB /* ChatViewController.swift */,
				846FAFBE2A1BAAD600481DEB /* StartViewController.swift */,
				846FAFC82A1BB68200481DEB /* AuthViewController.swift */,
			);
			path = Controller;
			sourceTree = "<group>";
		};
		846FAFB52A1B7A6200481DEB /* Model */ = {
			isa = PBXGroup;
			children = (
				84092AC72A1D337D00DD18E9 /* Firebase */,
				84092ACA2A1E4C7900DD18E9 /* Message.swift */,
			);
			path = Model;
			sourceTree = "<group>";
		};
		846FAFC32A1BADB900481DEB /* Resources */ = {
			isa = PBXGroup;
			children = (
				846FAFA72A1B78A500481DEB /* Assets.xcassets */,
				846FAFC42A1BADCD00481DEB /* Resources.swift */,
			);
			path = Resources;
			sourceTree = "<group>";
		};
/* End PBXGroup section */

/* Begin PBXNativeTarget section */
		846FAF9A2A1B78A300481DEB /* FlashChat */ = {
			isa = PBXNativeTarget;
			buildConfigurationList = 846FAFAF2A1B78A500481DEB /* Build configuration list for PBXNativeTarget "FlashChat" */;
			buildPhases = (
				846FAF972A1B78A300481DEB /* Sources */,
				846FAF982A1B78A300481DEB /* Frameworks */,
				846FAF992A1B78A300481DEB /* Resources */,
			);
			buildRules = (
			);
			dependencies = (
			);
			name = FlashChat;
			packageProductDependencies = (
				84092ABF2A1D318700DD18E9 /* FirebaseAuth */,
				84092AC12A1D318700DD18E9 /* FirebaseDatabase */,
				84092AC32A1D318700DD18E9 /* FirebaseDatabaseSwift */,
				84092ACF2A1F434A00DD18E9 /* FirebaseFirestore */,
				84092AD42A1F586900DD18E9 /* IQKeyboardManagerSwift */,
			);
			productName = FlashChat;
			productReference = 846FAF9B2A1B78A300481DEB /* FlashChat.app */;
			productType = "com.apple.product-type.application";
		};
/* End PBXNativeTarget section */

/* Begin PBXProject section */
		846FAF932A1B78A300481DEB /* Project object */ = {
			isa = PBXProject;
			attributes = {
				BuildIndependentTargetsInParallel = 1;
				LastSwiftUpdateCheck = 1420;
				LastUpgradeCheck = 1420;
				TargetAttributes = {
					846FAF9A2A1B78A300481DEB = {
						CreatedOnToolsVersion = 14.2;
					};
				};
			};
			buildConfigurationList = 846FAF962A1B78A300481DEB /* Build configuration list for PBXProject "FlashChat" */;
			compatibilityVersion = "Xcode 14.0";
			developmentRegion = en;
			hasScannedForEncodings = 0;
			knownRegions = (
				en,
				Base,
			);
			mainGroup = 846FAF922A1B78A300481DEB;
			packageReferences = (
				84092ABE2A1D318700DD18E9 /* XCRemoteSwiftPackageReference "firebase-ios-sdk" */,
				84092AD32A1F586900DD18E9 /* XCRemoteSwiftPackageReference "IQKeyboardManager" */,
			);
			productRefGroup = 846FAF9C2A1B78A300481DEB /* Products */;
			projectDirPath = "";
			projectRoot = "";
			targets = (
				846FAF9A2A1B78A300481DEB /* FlashChat */,
			);
		};
/* End PBXProject section */

/* Begin PBXResourcesBuildPhase section */
		846FAF992A1B78A300481DEB /* Resources */ = {
			isa = PBXResourcesBuildPhase;
			buildActionMask = 2147483647;
			files = (
				846FAFAB2A1B78A500481DEB /* LaunchScreen.storyboard in Resources */,
				846FAFA82A1B78A500481DEB /* Assets.xcassets in Resources */,
				84092AC62A1D325700DD18E9 /* GoogleService-Info.plist in Resources */,
			);
			runOnlyForDeploymentPostprocessing = 0;
		};
/* End PBXResourcesBuildPhase section */

/* Begin PBXSourcesBuildPhase section */
		846FAF972A1B78A300481DEB /* Sources */ = {
			isa = PBXSourcesBuildPhase;
			buildActionMask = 2147483647;
			files = (
				84092AC92A1D338F00DD18E9 /* FirebaseManager.swift in Sources */,
				846FAFC92A1BB68200481DEB /* AuthViewController.swift in Sources */,
				846FAFB72A1B7A9800481DEB /* CustomView.swift in Sources */,
				846FAFBF2A1BAAD700481DEB /* StartViewController.swift in Sources */,
				846FAF9F2A1B78A300481DEB /* AppDelegate.swift in Sources */,
				84092AD22A1F450000DD18E9 /* FStoreConstants.swift in Sources */,
				846FAFC12A1BAAE200481DEB /* StartView.swift in Sources */,
				846FAFBB2A1B7AD300481DEB /* ChatView.swift in Sources */,
				846FAFA12A1B78A300481DEB /* SceneDelegate.swift in Sources */,
				846FAFC72A1BB67600481DEB /* AuthView.swift in Sources */,
				84092ACB2A1E4C7900DD18E9 /* Message.swift in Sources */,
				846FAFC52A1BADCD00481DEB /* Resources.swift in Sources */,
				84092ACD2A1E577F00DD18E9 /* MessageCell.swift in Sources */,
				846FAFBD2A1B7ADE00481DEB /* ChatViewController.swift in Sources */,
				846FAFB92A1B7AA700481DEB /* CustomViewController.swift in Sources */,
			);
			runOnlyForDeploymentPostprocessing = 0;
		};
/* End PBXSourcesBuildPhase section */

/* Begin PBXVariantGroup section */
		846FAFA92A1B78A500481DEB /* LaunchScreen.storyboard */ = {
			isa = PBXVariantGroup;
			children = (
				846FAFAA2A1B78A500481DEB /* Base */,
			);
			name = LaunchScreen.storyboard;
			sourceTree = "<group>";
		};
/* End PBXVariantGroup section */

/* Begin XCBuildConfiguration section */
		846FAFAD2A1B78A500481DEB /* Debug */ = {
			isa = XCBuildConfiguration;
			buildSettings = {
				ALWAYS_SEARCH_USER_PATHS = NO;
				CLANG_ANALYZER_NONNULL = YES;
				CLANG_ANALYZER_NUMBER_OBJECT_CONVERSION = YES_AGGRESSIVE;
				CLANG_CXX_LANGUAGE_STANDARD = "gnu++20";
				CLANG_ENABLE_MODULES = YES;
				CLANG_ENABLE_OBJC_ARC = YES;
				CLANG_ENABLE_OBJC_WEAK = YES;
				CLANG_WARN_BLOCK_CAPTURE_AUTORELEASING = YES;
				CLANG_WARN_BOOL_CONVERSION = YES;
				CLANG_WARN_COMMA = YES;
				CLANG_WARN_CONSTANT_CONVERSION = YES;
				CLANG_WARN_DEPRECATED_OBJC_IMPLEMENTATIONS = YES;
				CLANG_WARN_DIRECT_OBJC_ISA_USAGE = YES_ERROR;
				CLANG_WARN_DOCUMENTATION_COMMENTS = YES;
				CLANG_WARN_EMPTY_BODY = YES;
				CLANG_WARN_ENUM_CONVERSION = YES;
				CLANG_WARN_INFINITE_RECURSION = YES;
				CLANG_WARN_INT_CONVERSION = YES;
				CLANG_WARN_NON_LITERAL_NULL_CONVERSION = YES;
				CLANG_WARN_OBJC_IMPLICIT_RETAIN_SELF = YES;
				CLANG_WARN_OBJC_LITERAL_CONVERSION = YES;
				CLANG_WARN_OBJC_ROOT_CLASS = YES_ERROR;
				CLANG_WARN_QUOTED_INCLUDE_IN_FRAMEWORK_HEADER = YES;
				CLANG_WARN_RANGE_LOOP_ANALYSIS = YES;
				CLANG_WARN_STRICT_PROTOTYPES = YES;
				CLANG_WARN_SUSPICIOUS_MOVE = YES;
				CLANG_WARN_UNGUARDED_AVAILABILITY = YES_AGGRESSIVE;
				CLANG_WARN_UNREACHABLE_CODE = YES;
				CLANG_WARN__DUPLICATE_METHOD_MATCH = YES;
				COPY_PHASE_STRIP = NO;
				DEBUG_INFORMATION_FORMAT = dwarf;
				ENABLE_STRICT_OBJC_MSGSEND = YES;
				ENABLE_TESTABILITY = YES;
				GCC_C_LANGUAGE_STANDARD = gnu11;
				GCC_DYNAMIC_NO_PIC = NO;
				GCC_NO_COMMON_BLOCKS = YES;
				GCC_OPTIMIZATION_LEVEL = 0;
				GCC_PREPROCESSOR_DEFINITIONS = (
					"DEBUG=1",
					"$(inherited)",
				);
				GCC_WARN_64_TO_32_BIT_CONVERSION = YES;
				GCC_WARN_ABOUT_RETURN_TYPE = YES_ERROR;
				GCC_WARN_UNDECLARED_SELECTOR = YES;
				GCC_WARN_UNINITIALIZED_AUTOS = YES_AGGRESSIVE;
				GCC_WARN_UNUSED_FUNCTION = YES;
				GCC_WARN_UNUSED_VARIABLE = YES;
				IPHONEOS_DEPLOYMENT_TARGET = 16.2;
				MTL_ENABLE_DEBUG_INFO = INCLUDE_SOURCE;
				MTL_FAST_MATH = YES;
				ONLY_ACTIVE_ARCH = YES;
				SDKROOT = iphoneos;
				SWIFT_ACTIVE_COMPILATION_CONDITIONS = DEBUG;
				SWIFT_OPTIMIZATION_LEVEL = "-Onone";
			};
			name = Debug;
		};
		846FAFAE2A1B78A500481DEB /* Release */ = {
			isa = XCBuildConfiguration;
			buildSettings = {
				ALWAYS_SEARCH_USER_PATHS = NO;
				CLANG_ANALYZER_NONNULL = YES;
				CLANG_ANALYZER_NUMBER_OBJECT_CONVERSION = YES_AGGRESSIVE;
				CLANG_CXX_LANGUAGE_STANDARD = "gnu++20";
				CLANG_ENABLE_MODULES = YES;
				CLANG_ENABLE_OBJC_ARC = YES;
				CLANG_ENABLE_OBJC_WEAK = YES;
				CLANG_WARN_BLOCK_CAPTURE_AUTORELEASING = YES;
				CLANG_WARN_BOOL_CONVERSION = YES;
				CLANG_WARN_COMMA = YES;
				CLANG_WARN_CONSTANT_CONVERSION = YES;
				CLANG_WARN_DEPRECATED_OBJC_IMPLEMENTATIONS = YES;
				CLANG_WARN_DIRECT_OBJC_ISA_USAGE = YES_ERROR;
				CLANG_WARN_DOCUMENTATION_COMMENTS = YES;
				CLANG_WARN_EMPTY_BODY = YES;
				CLANG_WARN_ENUM_CONVERSION = YES;
				CLANG_WARN_INFINITE_RECURSION = YES;
				CLANG_WARN_INT_CONVERSION = YES;
				CLANG_WARN_NON_LITERAL_NULL_CONVERSION = YES;
				CLANG_WARN_OBJC_IMPLICIT_RETAIN_SELF = YES;
				CLANG_WARN_OBJC_LITERAL_CONVERSION = YES;
				CLANG_WARN_OBJC_ROOT_CLASS = YES_ERROR;
				CLANG_WARN_QUOTED_INCLUDE_IN_FRAMEWORK_HEADER = YES;
				CLANG_WARN_RANGE_LOOP_ANALYSIS = YES;
				CLANG_WARN_STRICT_PROTOTYPES = YES;
				CLANG_WARN_SUSPICIOUS_MOVE = YES;
				CLANG_WARN_UNGUARDED_AVAILABILITY = YES_AGGRESSIVE;
				CLANG_WARN_UNREACHABLE_CODE = YES;
				CLANG_WARN__DUPLICATE_METHOD_MATCH = YES;
				COPY_PHASE_STRIP = NO;
				DEBUG_INFORMATION_FORMAT = "dwarf-with-dsym";
				ENABLE_NS_ASSERTIONS = NO;
				ENABLE_STRICT_OBJC_MSGSEND = YES;
				GCC_C_LANGUAGE_STANDARD = gnu11;
				GCC_NO_COMMON_BLOCKS = YES;
				GCC_WARN_64_TO_32_BIT_CONVERSION = YES;
				GCC_WARN_ABOUT_RETURN_TYPE = YES_ERROR;
				GCC_WARN_UNDECLARED_SELECTOR = YES;
				GCC_WARN_UNINITIALIZED_AUTOS = YES_AGGRESSIVE;
				GCC_WARN_UNUSED_FUNCTION = YES;
				GCC_WARN_UNUSED_VARIABLE = YES;
				IPHONEOS_DEPLOYMENT_TARGET = 16.2;
				MTL_ENABLE_DEBUG_INFO = NO;
				MTL_FAST_MATH = YES;
				SDKROOT = iphoneos;
				SWIFT_COMPILATION_MODE = wholemodule;
				SWIFT_OPTIMIZATION_LEVEL = "-O";
				VALIDATE_PRODUCT = YES;
			};
			name = Release;
		};
		846FAFB02A1B78A500481DEB /* Debug */ = {
			isa = XCBuildConfiguration;
			buildSettings = {
				ASSETCATALOG_COMPILER_APPICON_NAME = AppIcon;
				ASSETCATALOG_COMPILER_GLOBAL_ACCENT_COLOR_NAME = AccentColor;
				CODE_SIGN_STYLE = Automatic;
				CURRENT_PROJECT_VERSION = 1;
				DEVELOPMENT_TEAM = M4F6PT832U;
				GENERATE_INFOPLIST_FILE = YES;
				INFOPLIST_FILE = FlashChat/Info.plist;
				INFOPLIST_KEY_UIApplicationSupportsIndirectInputEvents = YES;
				INFOPLIST_KEY_UILaunchStoryboardName = LaunchScreen;
				INFOPLIST_KEY_UISupportedInterfaceOrientations = UIInterfaceOrientationPortrait;
				INFOPLIST_KEY_UISupportedInterfaceOrientations_iPad = "UIInterfaceOrientationLandscapeLeft UIInterfaceOrientationLandscapeRight UIInterfaceOrientationPortrait UIInterfaceOrientationPortraitUpsideDown";
				IPHONEOS_DEPLOYMENT_TARGET = 16.0;
				LD_RUNPATH_SEARCH_PATHS = (
					"$(inherited)",
					"@executable_path/Frameworks",
				);
				MARKETING_VERSION = 1.0;
				PRODUCT_BUNDLE_IDENTIFIER = com.anmik.FlashChat;
				PRODUCT_NAME = "$(TARGET_NAME)";
				SUPPORTED_PLATFORMS = "iphoneos iphonesimulator";
				SUPPORTS_MACCATALYST = NO;
				SUPPORTS_MAC_DESIGNED_FOR_IPHONE_IPAD = NO;
				SWIFT_EMIT_LOC_STRINGS = YES;
				SWIFT_VERSION = 5.0;
				TARGETED_DEVICE_FAMILY = 1;
			};
			name = Debug;
		};
		846FAFB12A1B78A500481DEB /* Release */ = {
			isa = XCBuildConfiguration;
			buildSettings = {
				ASSETCATALOG_COMPILER_APPICON_NAME = AppIcon;
				ASSETCATALOG_COMPILER_GLOBAL_ACCENT_COLOR_NAME = AccentColor;
				CODE_SIGN_STYLE = Automatic;
				CURRENT_PROJECT_VERSION = 1;
				DEVELOPMENT_TEAM = M4F6PT832U;
				GENERATE_INFOPLIST_FILE = YES;
				INFOPLIST_FILE = FlashChat/Info.plist;
				INFOPLIST_KEY_UIApplicationSupportsIndirectInputEvents = YES;
				INFOPLIST_KEY_UILaunchStoryboardName = LaunchScreen;
				INFOPLIST_KEY_UISupportedInterfaceOrientations = UIInterfaceOrientationPortrait;
				INFOPLIST_KEY_UISupportedInterfaceOrientations_iPad = "UIInterfaceOrientationLandscapeLeft UIInterfaceOrientationLandscapeRight UIInterfaceOrientationPortrait UIInterfaceOrientationPortraitUpsideDown";
				IPHONEOS_DEPLOYMENT_TARGET = 16.0;
				LD_RUNPATH_SEARCH_PATHS = (
					"$(inherited)",
					"@executable_path/Frameworks",
				);
				MARKETING_VERSION = 1.0;
				PRODUCT_BUNDLE_IDENTIFIER = com.anmik.FlashChat;
				PRODUCT_NAME = "$(TARGET_NAME)";
				SUPPORTED_PLATFORMS = "iphoneos iphonesimulator";
				SUPPORTS_MACCATALYST = NO;
				SUPPORTS_MAC_DESIGNED_FOR_IPHONE_IPAD = NO;
				SWIFT_EMIT_LOC_STRINGS = YES;
				SWIFT_VERSION = 5.0;
				TARGETED_DEVICE_FAMILY = 1;
			};
			name = Release;
		};
/* End XCBuildConfiguration section */

/* Begin XCConfigurationList section */
		846FAF962A1B78A300481DEB /* Build configuration list for PBXProject "FlashChat" */ = {
			isa = XCConfigurationList;
			buildConfigurations = (
				846FAFAD2A1B78A500481DEB /* Debug */,
				846FAFAE2A1B78A500481DEB /* Release */,
			);
			defaultConfigurationIsVisible = 0;
			defaultConfigurationName = Release;
		};
		846FAFAF2A1B78A500481DEB /* Build configuration list for PBXNativeTarget "FlashChat" */ = {
			isa = XCConfigurationList;
			buildConfigurations = (
				846FAFB02A1B78A500481DEB /* Debug */,
				846FAFB12A1B78A500481DEB /* Release */,
			);
			defaultConfigurationIsVisible = 0;
			defaultConfigurationName = Release;
		};
/* End XCConfigurationList section */

/* Begin XCRemoteSwiftPackageReference section */
		84092ABE2A1D318700DD18E9 /* XCRemoteSwiftPackageReference "firebase-ios-sdk" */ = {
			isa = XCRemoteSwiftPackageReference;
			repositoryURL = "https://github.com/firebase/firebase-ios-sdk";
			requirement = {
				branch = master;
				kind = branch;
			};
		};
		84092AD32A1F586900DD18E9 /* XCRemoteSwiftPackageReference "IQKeyboardManager" */ = {
			isa = XCRemoteSwiftPackageReference;
			repositoryURL = "https://github.com/hackiftekhar/IQKeyboardManager.git";
			requirement = {
				branch = master;
				kind = branch;
			};
		};
/* End XCRemoteSwiftPackageReference section */

/* Begin XCSwiftPackageProductDependency section */
		84092ABF2A1D318700DD18E9 /* FirebaseAuth */ = {
			isa = XCSwiftPackageProductDependency;
			package = 84092ABE2A1D318700DD18E9 /* XCRemoteSwiftPackageReference "firebase-ios-sdk" */;
			productName = FirebaseAuth;
		};
		84092AC12A1D318700DD18E9 /* FirebaseDatabase */ = {
			isa = XCSwiftPackageProductDependency;
			package = 84092ABE2A1D318700DD18E9 /* XCRemoteSwiftPackageReference "firebase-ios-sdk" */;
			productName = FirebaseDatabase;
		};
		84092AC32A1D318700DD18E9 /* FirebaseDatabaseSwift */ = {
			isa = XCSwiftPackageProductDependency;
			package = 84092ABE2A1D318700DD18E9 /* XCRemoteSwiftPackageReference "firebase-ios-sdk" */;
			productName = FirebaseDatabaseSwift;
		};
		84092ACF2A1F434A00DD18E9 /* FirebaseFirestore */ = {
			isa = XCSwiftPackageProductDependency;
			package = 84092ABE2A1D318700DD18E9 /* XCRemoteSwiftPackageReference "firebase-ios-sdk" */;
			productName = FirebaseFirestore;
		};
		84092AD42A1F586900DD18E9 /* IQKeyboardManagerSwift */ = {
			isa = XCSwiftPackageProductDependency;
			package = 84092AD32A1F586900DD18E9 /* XCRemoteSwiftPackageReference "IQKeyboardManager" */;
			productName = IQKeyboardManagerSwift;
		};
/* End XCSwiftPackageProductDependency section */
	};
	rootObject = 846FAF932A1B78A300481DEB /* Project object */;
}
